// !$*UTF8*$!
{
	archiveVersion = 1;
	classes = {
	};
	objectVersion = 46;
	objects = {

/* Begin PBXBuildFile section */
		655754B01D00295D002352FE /* AppDelegate.swift in Sources */ = {isa = PBXBuildFile; fileRef = 655754AF1D00295D002352FE /* AppDelegate.swift */; };
		655754B21D00295D002352FE /* ViewController.swift in Sources */ = {isa = PBXBuildFile; fileRef = 655754B11D00295D002352FE /* ViewController.swift */; };
		655754B51D00295D002352FE /* Main.storyboard in Resources */ = {isa = PBXBuildFile; fileRef = 655754B31D00295D002352FE /* Main.storyboard */; };
		655754B71D00295D002352FE /* Assets.xcassets in Resources */ = {isa = PBXBuildFile; fileRef = 655754B61D00295D002352FE /* Assets.xcassets */; };
		655754BA1D00295D002352FE /* LaunchScreen.storyboard in Resources */ = {isa = PBXBuildFile; fileRef = 655754B81D00295D002352FE /* LaunchScreen.storyboard */; };
		655754C51D00295D002352FE /* DealListingTests.swift in Sources */ = {isa = PBXBuildFile; fileRef = 655754C41D00295D002352FE /* DealListingTests.swift */; };
		655754D01D00295D002352FE /* DealListingUITests.swift in Sources */ = {isa = PBXBuildFile; fileRef = 655754CF1D00295D002352FE /* DealListingUITests.swift */; };
/* End PBXBuildFile section */

/* Begin PBXContainerItemProxy section */
		655754C11D00295D002352FE /* PBXContainerItemProxy */ = {
			isa = PBXContainerItemProxy;
			containerPortal = 655754A41D00295D002352FE /* Project object */;
			proxyType = 1;
			remoteGlobalIDString = 655754AB1D00295D002352FE;
			remoteInfo = DealListing;
		};
		655754CC1D00295D002352FE /* PBXContainerItemProxy */ = {
			isa = PBXContainerItemProxy;
			containerPortal = 655754A41D00295D002352FE /* Project object */;
			proxyType = 1;
			remoteGlobalIDString = 655754AB1D00295D002352FE;
			remoteInfo = DealListing;
		};
/* End PBXContainerItemProxy section */

/* Begin PBXFileReference section */
		655754AC1D00295D002352FE /* DealListing.app */ = {isa = PBXFileReference; explicitFileType = wrapper.application; includeInIndex = 0; path = DealListing.app; sourceTree = BUILT_PRODUCTS_DIR; };
		655754AF1D00295D002352FE /* AppDelegate.swift */ = {isa = PBXFileReference; lastKnownFileType = sourcecode.swift; path = AppDelegate.swift; sourceTree = "<group>"; };
		655754B11D00295D002352FE /* ViewController.swift */ = {isa = PBXFileReference; lastKnownFileType = sourcecode.swift; path = ViewController.swift; sourceTree = "<group>"; };
		655754B41D00295D002352FE /* Base */ = {isa = PBXFileReference; lastKnownFileType = file.storyboard; name = Base; path = Base.lproj/Main.storyboard; sourceTree = "<group>"; };
		655754B61D00295D002352FE /* Assets.xcassets */ = {isa = PBXFileReference; lastKnownFileType = folder.assetcatalog; path = Assets.xcassets; sourceTree = "<group>"; };
		655754B91D00295D002352FE /* Base */ = {isa = PBXFileReference; lastKnownFileType = file.storyboard; name = Base; path = Base.lproj/LaunchScreen.storyboard; sourceTree = "<group>"; };
		655754BB1D00295D002352FE /* Info.plist */ = {isa = PBXFileReference; lastKnownFileType = text.plist.xml; path = Info.plist; sourceTree = "<group>"; };
		655754C01D00295D002352FE /* DealListingTests.xctest */ = {isa = PBXFileReference; explicitFileType = wrapper.cfbundle; includeInIndex = 0; path = DealListingTests.xctest; sourceTree = BUILT_PRODUCTS_DIR; };
		655754C41D00295D002352FE /* DealListingTests.swift */ = {isa = PBXFileReference; lastKnownFileType = sourcecode.swift; path = DealListingTests.swift; sourceTree = "<group>"; };
		655754C61D00295D002352FE /* Info.plist */ = {isa = PBXFileReference; lastKnownFileType = text.plist.xml; path = Info.plist; sourceTree = "<group>"; };
		655754CB1D00295D002352FE /* DealListingUITests.xctest */ = {isa = PBXFileReference; explicitFileType = wrapper.cfbundle; includeInIndex = 0; path = DealListingUITests.xctest; sourceTree = BUILT_PRODUCTS_DIR; };
		655754CF1D00295D002352FE /* DealListingUITests.swift */ = {isa = PBXFileReference; lastKnownFileType = sourcecode.swift; path = DealListingUITests.swift; sourceTree = "<group>"; };
		655754D11D00295D002352FE /* Info.plist */ = {isa = PBXFileReference; lastKnownFileType = text.plist.xml; path = Info.plist; sourceTree = "<group>"; };
/* End PBXFileReference section */

/* Begin PBXFrameworksBuildPhase section */
		655754A91D00295D002352FE /* Frameworks */ = {
			isa = PBXFrameworksBuildPhase;
			buildActionMask = 2147483647;
			files = (
			);
			runOnlyForDeploymentPostprocessing = 0;
		};
		655754BD1D00295D002352FE /* Frameworks */ = {
			isa = PBXFrameworksBuildPhase;
			buildActionMask = 2147483647;
			files = (
			);
			runOnlyForDeploymentPostprocessing = 0;
		};
		655754C81D00295D002352FE /* Frameworks */ = {
			isa = PBXFrameworksBuildPhase;
			buildActionMask = 2147483647;
			files = (
			);
			runOnlyForDeploymentPostprocessing = 0;
		};
/* End PBXFrameworksBuildPhase section */

/* Begin PBXGroup section */
		655754A31D00295D002352FE = {
			isa = PBXGroup;
			children = (
				655754AE1D00295D002352FE /* DealListing */,
				655754C31D00295D002352FE /* DealListingTests */,
				655754CE1D00295D002352FE /* DealListingUITests */,
				655754AD1D00295D002352FE /* Products */,
			);
			sourceTree = "<group>";
		};
		655754AD1D00295D002352FE /* Products */ = {
			isa = PBXGroup;
			children = (
				655754AC1D00295D002352FE /* DealListing.app */,
				655754C01D00295D002352FE /* DealListingTests.xctest */,
				655754CB1D00295D002352FE /* DealListingUITests.xctest */,
			);
			name = Products;
			sourceTree = "<group>";
		};
		655754AE1D00295D002352FE /* DealListing */ = {
			isa = PBXGroup;
			children = (
				655754AF1D00295D002352FE /* AppDelegate.swift */,
				655754B11D00295D002352FE /* ViewController.swift */,
				655754B31D00295D002352FE /* Main.storyboard */,
				655754B61D00295D002352FE /* Assets.xcassets */,
				655754B81D00295D002352FE /* LaunchScreen.storyboard */,
				655754BB1D00295D002352FE /* Info.plist */,
			);
			path = DealListing;
			sourceTree = "<group>";
		};
		655754C31D00295D002352FE /* DealListingTests */ = {
			isa = PBXGroup;
			children = (
				655754C41D00295D002352FE /* DealListingTests.swift */,
				655754C61D00295D002352FE /* Info.plist */,
			);
			path = DealListingTests;
			sourceTree = "<group>";
		};
		655754CE1D00295D002352FE /* DealListingUITests */ = {
			isa = PBXGroup;
			children = (
				655754CF1D00295D002352FE /* DealListingUITests.swift */,
				655754D11D00295D002352FE /* Info.plist */,
			);
			path = DealListingUITests;
			sourceTree = "<group>";
		};
/* End PBXGroup section */

/* Begin PBXNativeTarget section */
		655754AB1D00295D002352FE /* DealListing */ = {
			isa = PBXNativeTarget;
			buildConfigurationList = 655754D41D00295D002352FE /* Build configuration list for PBXNativeTarget "DealListing" */;
			buildPhases = (
				655754A81D00295D002352FE /* Sources */,
				655754A91D00295D002352FE /* Frameworks */,
				655754AA1D00295D002352FE /* Resources */,
			);
			buildRules = (
			);
			dependencies = (
			);
			name = DealListing;
			productName = DealListing;
			productReference = 655754AC1D00295D002352FE /* DealListing.app */;
			productType = "com.apple.product-type.application";
		};
		655754BF1D00295D002352FE /* DealListingTests */ = {
			isa = PBXNativeTarget;
			buildConfigurationList = 655754D71D00295D002352FE /* Build configuration list for PBXNativeTarget "DealListingTests" */;
			buildPhases = (
				655754BC1D00295D002352FE /* Sources */,
				655754BD1D00295D002352FE /* Frameworks */,
				655754BE1D00295D002352FE /* Resources */,
			);
			buildRules = (
			);
			dependencies = (
				655754C21D00295D002352FE /* PBXTargetDependency */,
			);
			name = DealListingTests;
			productName = DealListingTests;
			productReference = 655754C01D00295D002352FE /* DealListingTests.xctest */;
			productType = "com.apple.product-type.bundle.unit-test";
		};
		655754CA1D00295D002352FE /* DealListingUITests */ = {
			isa = PBXNativeTarget;
			buildConfigurationList = 655754DA1D00295D002352FE /* Build configuration list for PBXNativeTarget "DealListingUITests" */;
			buildPhases = (
				655754C71D00295D002352FE /* Sources */,
				655754C81D00295D002352FE /* Frameworks */,
				655754C91D00295D002352FE /* Resources */,
			);
			buildRules = (
			);
			dependencies = (
				655754CD1D00295D002352FE /* PBXTargetDependency */,
			);
			name = DealListingUITests;
			productName = DealListingUITests;
			productReference = 655754CB1D00295D002352FE /* DealListingUITests.xctest */;
			productType = "com.apple.product-type.bundle.ui-testing";
		};
/* End PBXNativeTarget section */

/* Begin PBXProject section */
		655754A41D00295D002352FE /* Project object */ = {
			isa = PBXProject;
			attributes = {
				LastUpgradeCheck = 0700;
				ORGANIZATIONNAME = "Okwufulueze Daniel";
				TargetAttributes = {
					655754AB1D00295D002352FE = {
						CreatedOnToolsVersion = 7.0.1;
					};
					655754BF1D00295D002352FE = {
						CreatedOnToolsVersion = 7.0.1;
						TestTargetID = 655754AB1D00295D002352FE;
					};
					655754CA1D00295D002352FE = {
						CreatedOnToolsVersion = 7.0.1;
						TestTargetID = 655754AB1D00295D002352FE;
					};
				};
			};
			buildConfigurationList = 655754A71D00295D002352FE /* Build configuration list for PBXProject "DealListing" */;
			compatibilityVersion = "Xcode 3.2";
			developmentRegion = English;
			hasScannedForEncodings = 0;
			knownRegions = (
				en,
				Base,
			);
			mainGroup = 655754A31D00295D002352FE;
			productRefGroup = 655754AD1D00295D002352FE /* Products */;
			projectDirPath = "";
			projectRoot = "";
			targets = (
				655754AB1D00295D002352FE /* DealListing */,
				655754BF1D00295D002352FE /* DealListingTests */,
				655754CA1D00295D002352FE /* DealListingUITests */,
			);
		};
/* End PBXProject section */

/* Begin PBXResourcesBuildPhase section */
		655754AA1D00295D002352FE /* Resources */ = {
			isa = PBXResourcesBuildPhase;
			buildActionMask = 2147483647;
			files = (
				655754BA1D00295D002352FE /* LaunchScreen.storyboard in Resources */,
				655754B71D00295D002352FE /* Assets.xcassets in Resources */,
				655754B51D00295D002352FE /* Main.storyboard in Resources */,
			);
			runOnlyForDeploymentPostprocessing = 0;
		};
		655754BE1D00295D002352FE /* Resources */ = {
			isa = PBXResourcesBuildPhase;
			buildActionMask = 2147483647;
			files = (
			);
			runOnlyForDeploymentPostprocessing = 0;
		};
		655754C91D00295D002352FE /* Resources */ = {
			isa = PBXResourcesBuildPhase;
			buildActionMask = 2147483647;
			files = (
			);
			runOnlyForDeploymentPostprocessing = 0;
		};
/* End PBXResourcesBuildPhase section */

/* Begin PBXSourcesBuildPhase section */
		655754A81D00295D002352FE /* Sources */ = {
			isa = PBXSourcesBuildPhase;
			buildActionMask = 2147483647;
			files = (
				655754B21D00295D002352FE /* ViewController.swift in Sources */,
				655754B01D00295D002352FE /* AppDelegate.swift in Sources */,
			);
			runOnlyForDeploymentPostprocessing = 0;
		};
		655754BC1D00295D002352FE /* Sources */ = {
			isa = PBXSourcesBuildPhase;
			buildActionMask = 2147483647;
			files = (
				655754C51D00295D002352FE /* DealListingTests.swift in Sources */,
			);
			runOnlyForDeploymentPostprocessing = 0;
		};
		655754C71D00295D002352FE /* Sources */ = {
			isa = PBXSourcesBuildPhase;
			buildActionMask = 2147483647;
			files = (
				655754D01D00295D002352FE /* DealListingUITests.swift in Sources */,
			);
			runOnlyForDeploymentPostprocessing = 0;
		};
/* End PBXSourcesBuildPhase section */

/* Begin PBXTargetDependency section */
		655754C21D00295D002352FE /* PBXTargetDependency */ = {
			isa = PBXTargetDependency;
			target = 655754AB1D00295D002352FE /* DealListing */;
			targetProxy = 655754C11D00295D002352FE /* PBXContainerItemProxy */;
		};
		655754CD1D00295D002352FE /* PBXTargetDependency */ = {
			isa = PBXTargetDependency;
			target = 655754AB1D00295D002352FE /* DealListing */;
			targetProxy = 655754CC1D00295D002352FE /* PBXContainerItemProxy */;
		};
/* End PBXTargetDependency section */

/* Begin PBXVariantGroup section */
		655754B31D00295D002352FE /* Main.storyboard */ = {
			isa = PBXVariantGroup;
			children = (
				655754B41D00295D002352FE /* Base */,
			);
			name = Main.storyboard;
			sourceTree = "<group>";
		};
		655754B81D00295D002352FE /* LaunchScreen.storyboard */ = {
			isa = PBXVariantGroup;
			children = (
				655754B91D00295D002352FE /* Base */,
			);
			name = LaunchScreen.storyboard;
			sourceTree = "<group>";
		};
/* End PBXVariantGroup section */

/* Begin XCBuildConfiguration section */
		655754D21D00295D002352FE /* Debug */ = {
			isa = XCBuildConfiguration;
			buildSettings = {
				ALWAYS_SEARCH_USER_PATHS = NO;
				CLANG_CXX_LANGUAGE_STANDARD = "gnu++0x";
				CLANG_CXX_LIBRARY = "libc++";
				CLANG_ENABLE_MODULES = YES;
				CLANG_ENABLE_OBJC_ARC = YES;
				CLANG_WARN_BOOL_CONVERSION = YES;
				CLANG_WARN_CONSTANT_CONVERSION = YES;
				CLANG_WARN_DIRECT_OBJC_ISA_USAGE = YES_ERROR;
				CLANG_WARN_EMPTY_BODY = YES;
				CLANG_WARN_ENUM_CONVERSION = YES;
				CLANG_WARN_INT_CONVERSION = YES;
				CLANG_WARN_OBJC_ROOT_CLASS = YES_ERROR;
				CLANG_WARN_UNREACHABLE_CODE = YES;
				CLANG_WARN__DUPLICATE_METHOD_MATCH = YES;
				"CODE_SIGN_IDENTITY[sdk=iphoneos*]" = "iPhone Developer";
				COPY_PHASE_STRIP = NO;
				DEBUG_INFORMATION_FORMAT = dwarf;
				ENABLE_STRICT_OBJC_MSGSEND = YES;
				ENABLE_TESTABILITY = YES;
				GCC_C_LANGUAGE_STANDARD = gnu99;
				GCC_DYNAMIC_NO_PIC = NO;
				GCC_NO_COMMON_BLOCKS = YES;
				GCC_OPTIMIZATION_LEVEL = 0;
				GCC_PREPROCESSOR_DEFINITIONS = (
					"DEBUG=1",
					"$(inherited)",
				);
				GCC_WARN_64_TO_32_BIT_CONVERSION = YES;
				GCC_WARN_ABOUT_RETURN_TYPE = YES_ERROR;
				GCC_WARN_UNDECLARED_SELECTOR = YES;
				GCC_WARN_UNINITIALIZED_AUTOS = YES_AGGRESSIVE;
				GCC_WARN_UNUSED_FUNCTION = YES;
				GCC_WARN_UNUSED_VARIABLE = YES;
				IPHONEOS_DEPLOYMENT_TARGET = 9.0;
				MTL_ENABLE_DEBUG_INFO = YES;
				ONLY_ACTIVE_ARCH = YES;
				SDKROOT = iphoneos;
				SWIFT_OPTIMIZATION_LEVEL = "-Onone";
				TARGETED_DEVICE_FAMILY = "1,2";
			};
			name = Debug;
		};
		655754D31D00295D002352FE /* Release */ = {
			isa = XCBuildConfiguration;
			buildSettings = {
				ALWAYS_SEARCH_USER_PATHS = NO;
				CLANG_CXX_LANGUAGE_STANDARD = "gnu++0x";
				CLANG_CXX_LIBRARY = "libc++";
				CLANG_ENABLE_MODULES = YES;
				CLANG_ENABLE_OBJC_ARC = YES;
				CLANG_WARN_BOOL_CONVERSION = YES;
				CLANG_WARN_CONSTANT_CONVERSION = YES;
				CLANG_WARN_DIRECT_OBJC_ISA_USAGE = YES_ERROR;
				CLANG_WARN_EMPTY_BODY = YES;
				CLANG_WARN_ENUM_CONVERSION = YES;
				CLANG_WARN_INT_CONVERSION = YES;
				CLANG_WARN_OBJC_ROOT_CLASS = YES_ERROR;
				CLANG_WARN_UNREACHABLE_CODE = YES;
				CLANG_WARN__DUPLICATE_METHOD_MATCH = YES;
				"CODE_SIGN_IDENTITY[sdk=iphoneos*]" = "iPhone Developer";
				COPY_PHASE_STRIP = NO;
				DEBUG_INFORMATION_FORMAT = "dwarf-with-dsym";
				ENABLE_NS_ASSERTIONS = NO;
				ENABLE_STRICT_OBJC_MSGSEND = YES;
				GCC_C_LANGUAGE_STANDARD = gnu99;
				GCC_NO_COMMON_BLOCKS = YES;
				GCC_WARN_64_TO_32_BIT_CONVERSION = YES;
				GCC_WARN_ABOUT_RETURN_TYPE = YES_ERROR;
				GCC_WARN_UNDECLARED_SELECTOR = YES;
				GCC_WARN_UNINITIALIZED_AUTOS = YES_AGGRESSIVE;
				GCC_WARN_UNUSED_FUNCTION = YES;
				GCC_WARN_UNUSED_VARIABLE = YES;
				IPHONEOS_DEPLOYMENT_TARGET = 9.0;
				MTL_ENABLE_DEBUG_INFO = NO;
				SDKROOT = iphoneos;
				TARGETED_DEVICE_FAMILY = "1,2";
				VALIDATE_PRODUCT = YES;
			};
			name = Release;
		};
		655754D51D00295D002352FE /* Debug */ = {
			isa = XCBuildConfiguration;
			buildSettings = {
				ASSETCATALOG_COMPILER_APPICON_NAME = AppIcon;
				INFOPLIST_FILE = DealListing/Info.plist;
				LD_RUNPATH_SEARCH_PATHS = "$(inherited) @executable_path/Frameworks";
				PRODUCT_BUNDLE_IDENTIFIER = Self.DealListing;
				PRODUCT_NAME = "$(TARGET_NAME)";
			};
			name = Debug;
		};
		655754D61D00295D002352FE /* Release */ = {
			isa = XCBuildConfiguration;
			buildSettings = {
				ASSETCATALOG_COMPILER_APPICON_NAME = AppIcon;
				INFOPLIST_FILE = DealListing/Info.plist;
				LD_RUNPATH_SEARCH_PATHS = "$(inherited) @executable_path/Frameworks";
				PRODUCT_BUNDLE_IDENTIFIER = Self.DealListing;
				PRODUCT_NAME = "$(TARGET_NAME)";
			};
			name = Release;
		};
		655754D81D00295D002352FE /* Debug */ = {
			isa = XCBuildConfiguration;
			buildSettings = {
				BUNDLE_LOADER = "$(TEST_HOST)";
				INFOPLIST_FILE = DealListingTests/Info.plist;
				LD_RUNPATH_SEARCH_PATHS = "$(inherited) @executable_path/Frameworks @loader_path/Frameworks";
				PRODUCT_BUNDLE_IDENTIFIER = Self.DealListingTests;
				PRODUCT_NAME = "$(TARGET_NAME)";
				TEST_HOST = "$(BUILT_PRODUCTS_DIR)/DealListing.app/DealListing";
			};
			name = Debug;
		};
		655754D91D00295D002352FE /* Release */ = {
			isa = XCBuildConfiguration;
			buildSettings = {
				BUNDLE_LOADER = "$(TEST_HOST)";
				INFOPLIST_FILE = DealListingTests/Info.plist;
				LD_RUNPATH_SEARCH_PATHS = "$(inherited) @executable_path/Frameworks @loader_path/Frameworks";
				PRODUCT_BUNDLE_IDENTIFIER = Self.DealListingTests;
				PRODUCT_NAME = "$(TARGET_NAME)";
				TEST_HOST = "$(BUILT_PRODUCTS_DIR)/DealListing.app/DealListing";
			};
			name = Release;
		};
		655754DB1D00295D002352FE /* Debug */ = {
			isa = XCBuildConfiguration;
			buildSettings = {
				INFOPLIST_FILE = DealListingUITests/Info.plist;
				LD_RUNPATH_SEARCH_PATHS = "$(inherited) @executable_path/Frameworks @loader_path/Frameworks";
				PRODUCT_BUNDLE_IDENTIFIER = Self.DealListingUITests;
				PRODUCT_NAME = "$(TARGET_NAME)";
				TEST_TARGET_NAME = DealListing;
				USES_XCTRUNNER = YES;
			};
			name = Debug;
		};
		655754DC1D00295D002352FE /* Release */ = {
			isa = XCBuildConfiguration;
			buildSettings = {
				INFOPLIST_FILE = DealListingUITests/Info.plist;
				LD_RUNPATH_SEARCH_PATHS = "$(inherited) @executable_path/Frameworks @loader_path/Frameworks";
				PRODUCT_BUNDLE_IDENTIFIER = Self.DealListingUITests;
				PRODUCT_NAME = "$(TARGET_NAME)";
				TEST_TARGET_NAME = DealListing;
				USES_XCTRUNNER = YES;
			};
			name = Release;
		};
/* End XCBuildConfiguration section */

/* Begin XCConfigurationList section */
		655754A71D00295D002352FE /* Build configuration list for PBXProject "DealListing" */ = {
			isa = XCConfigurationList;
			buildConfigurations = (
				655754D21D00295D002352FE /* Debug */,
				655754D31D00295D002352FE /* Release */,
			);
			defaultConfigurationIsVisible = 0;
			defaultConfigurationName = Release;
		};
		655754D41D00295D002352FE /* Build configuration list for PBXNativeTarget "DealListing" */ = {
			isa = XCConfigurationList;
			buildConfigurations = (
				655754D51D00295D002352FE /* Debug */,
				655754D61D00295D002352FE /* Release */,
			);
			defaultConfigurationIsVisible = 0;
		};
		655754D71D00295D002352FE /* Build configuration list for PBXNativeTarget "DealListingTests" */ = {
			isa = XCConfigurationList;
			buildConfigurations = (
				655754D81D00295D002352FE /* Debug */,
				655754D91D00295D002352FE /* Release */,
			);
			defaultConfigurationIsVisible = 0;
		};
		655754DA1D00295D002352FE /* Build configuration list for PBXNativeTarget "DealListingUITests" */ = {
			isa = XCConfigurationList;
			buildConfigurations = (
				655754DB1D00295D002352FE /* Debug */,
				655754DC1D00295D002352FE /* Release */,
			);
			defaultConfigurationIsVisible = 0;
		};
/* End XCConfigurationList section */
	};
	rootObject = 655754A41D00295D002352FE /* Project object */;
}
